<?xml version="1.0" encoding="UTF-8" standalone="yes" ?>
<CodeBlocks_project_file>
	<FileVersion major="1" minor="6" />
	<Project>
		<Option title="CIrrlicht" />
		<Option pch_mode="2" />
		<Option compiler="gcc" />
		<Build>
			<Target title="Win32 - Release">
				<Option output="../lib/Win32-gcc/CIrrlicht" prefix_auto="1" extension_auto="1" />
				<Option working_dir="" />
				<Option object_output=".obj/" />
				<Option type="2" />
				<Option compiler="gcc" />
				<Option createDefFile="1" />
				<Compiler>
					<Add option="-O3" />
					<Add option="-std=c++11" />
					<Add directory="$(IRRLICHT_ROOT)/" />
					<Add directory="../include" />
				</Compiler>
				<Linker>
					<Add option="-s" />
					<Add library="libIrrlicht.a" />
					<Add directory="$(IRRLICHT_ROOT)/lib/Win32-gcc" />
				</Linker>
			</Target>
			<Target title="Linux - Release">
				<Option output="../lib/Linux/CIrrlicht" imp_lib="../lib/Linux/CIrrlicht.a" def_file="$(TARGET_OUTPUT_DIR)$(TARGET_OUTPUT_BASENAME).def" prefix_auto="1" extension_auto="1" />
				<Option working_dir="../lib/Linux" />
				<Option object_output=".obj/" />
				<Option type="3" />
				<Option compiler="gcc" />
				<Option createDefFile="1" />
				<Option createStaticLib="1" />
				<Compiler>
					<Add option="-march=pentium4" />
					<Add option="-O3" />
					<Add option="-std=c++11" />
					<Add directory="$(HOME)/irrlicht/" />
					<Add directory="../include" />
				</Compiler>
				<Linker>
					<Add option="-s" />
					<Add library="GL" />
					<Add library="Xxf86vm" />
					<Add library="libIrrlicht.a" />
					<Add directory="$(HOME)/irrlicht/lib/Linux" />
					<Add directory="/usr/X11R6/lib" />
					<Add directory="/usr/local/lib" />
				</Linker>
			</Target>
		</Build>
		<Compiler>
			<Add option="-Wall" />
		</Compiler>
		<Unit filename="../include/CompileConfig.h" />
		<Unit filename="../include/EAttributes.h" />
		<Unit filename="../include/ECullingTypes.h" />
		<Unit filename="../include/EDebugSceneTypes.h" />
		<Unit filename="../include/EDeviceTypes.h" />
		<Unit filename="../include/EDriverFeatures.h" />
		<Unit filename="../include/EDriverTypes.h" />
		<Unit filename="../include/EFocusFlags.h" />
		<Unit filename="../include/EGUIAlignment.h" />
		<Unit filename="../include/EGUIElementTypes.h" />
		<Unit filename="../include/EHardwareBufferFlags.h" />
		<Unit filename="../include/EMaterialFlags.h" />
		<Unit filename="../include/EMaterialTypes.h" />
		<Unit filename="../include/EMeshWriteEnums.h" />
		<Unit filename="../include/EMessageBoxFlags.h" />
		<Unit filename="../include/EPrimitiveTypes.h" />
		<Unit filename="../include/ESceneNodeAnimatorTypes.h" />
		<Unit filename="../include/ESceneNodeTypes.h" />
		<Unit filename="../include/EShaderTypes.h" />
		<Unit filename="../include/ETerrainElements.h" />
		<Unit filename="../include/IAnimatedMesh.h" />
		<Unit filename="../include/IAnimatedMeshMD2.h" />
		<Unit filename="../include/IAnimatedMeshSceneNode.h" />
		<Unit filename="../include/IAttributeExchangingObject.h" />
		<Unit filename="../include/IAttributes.h" />
		<Unit filename="../include/ICursorControl.h" />
		<Unit filename="../include/IEventReceiver.h" />
		<Unit filename="../include/IFileSystem.h" />
		<Unit filename="../include/IGPUProgrammingServices.h" />
		<Unit filename="../include/IGUIElement.h" />
		<Unit filename="../include/IGUIEnvironment.h" />
		<Unit filename="../include/IGUIFont.h" />
		<Unit filename="../include/IGUIImage.h" />
		<Unit filename="../include/IGUIStaticText.h" />
		<Unit filename="../include/IImageLoader.h" />
		<Unit filename="../include/IImageWriter.h" />
		<Unit filename="../include/IMaterialRenderer.h" />
		<Unit filename="../include/IMesh.h" />
		<Unit filename="../include/IMeshBuffer.h" />
		<Unit filename="../include/IMeshManipulator.h" />
		<Unit filename="../include/IMeshSceneNode.h" />
		<Unit filename="../include/IReadFile.h" />
		<Unit filename="../include/ISceneManager.h" />
		<Unit filename="../include/ISceneNode.h" />
		<Unit filename="../include/ITexture.h" />
		<Unit filename="../include/IVideoDriver.h" />
		<Unit filename="../include/IWriteFile.h" />
		<Unit filename="../include/IrrlichtDevice.h" />
		<Unit filename="../include/S3DVertex.h" />
		<Unit filename="../include/SColor.h" />
		<Unit filename="../include/SExposedVideoData.h" />
		<Unit filename="../include/SLight.h" />
		<Unit filename="../include/SMaterial.h" />
		<Unit filename="../include/SVertexIndex.h" />
		<Unit filename="../include/cirrlicht.h" />
		<Unit filename="../include/core.h" />
		<Unit filename="IAnimatedMesh.cpp" />
		<Unit filename="IAnimatedMeshMD2.cpp" />
		<Unit filename="IAnimatedMeshSceneNode.cpp" />
		<Unit filename="ICursorControl.cpp" />
		<Unit filename="IEventReceiver.cpp" />
		<Unit filename="IFileSystem.cpp" />
		<Unit filename="IGUIElement.cpp" />
		<Unit filename="IGUIEnvironment.cpp" />
		<Unit filename="IGUIFont.cpp" />
		<Unit filename="IGUIImage.cpp" />
		<Unit filename="IGUIStaticText.cpp" />
		<Unit filename="IImageLoader.cpp" />
		<Unit filename="IImageWriter.cpp" />
		<Unit filename="IMesh.cpp" />
		<Unit filename="IMeshSceneNode.cpp" />
		<Unit filename="IReadFile.cpp" />
		<Unit filename="ISceneManager.cpp" />
		<Unit filename="ISceneNode.cpp" />
		<Unit filename="IVideoDriver.cpp" />
		<Unit filename="IrrlichtDevice.cpp" />
		<Unit filename="core.cpp" />
		<Extensions>
			<code_completion />
			<envvars />
			<debugger />
			<lib_finder disable_auto="1" />
		</Extensions>
	</Project>
</CodeBlocks_project_file>
